{
  "source": "https://mif-spec.dev/schema",
  "channel": "latest",
  "resolvedVersion": "1.0.0",
  "files": [
    "mif.schema.json",
    "citation.schema.json",
    "context.jsonld",
    "definitions/entity-reference.schema.json",
    "ontology/ontology.schema.json"
  ],
  "hydratedAt": "2026-06-30T06:06:52.724Z"
}
