{
  "source": "https://mif-spec.dev/schema",
  "channel": "latest",
  "resolvedVersion": "1.3.0",
  "files": [
    "mif.schema.json",
    "citation.schema.json",
    "context.jsonld",
    "definitions/entity-reference.schema.json",
    "ontology/ontology.schema.json"
  ],
  "hydratedAt": "2026-07-15T18:05:34.488Z"
}
