{
  "source": "https://mif-spec.dev/schema",
  "channel": "1.4.2",
  "resolvedVersion": "1.4.2",
  "files": [
    "mif.schema.json",
    "citation.schema.json",
    "context.jsonld",
    "definitions/entity-reference.schema.json",
    "ontology/ontology.schema.json"
  ],
  "hydratedAt": "2026-10-08T22:38:02.944Z"
}
